
Microsoft Visual Studio Solution File, Format Version 12.00
# Visual Studio Version 16
VisualStudioVersion = 16.0.29503.13
MinimumVisualStudioVersion = 10.0.40219.1
Project("{FAE04EC0-301F-11D3-BF4B-00C04F79EFBC}") = "AdventOfCode20", "AdventOfCode20.csproj", "{E9A5708E-5685-4F09-9277-980B7551AE18}"
EndProject
Project("{FAE04EC0-301F-11D3-BF4B-00C04F79EFBC}") = "AdventOfCode20.tests", "AdventOfCode20.tests\AdventOfCode20.tests.csproj", "{F4CED914-0DA1-469E-8962-15492A512F7F}"
EndProject
Global
	GlobalSection(SolutionConfigurationPlatforms) = preSolution
		Debug|Any CPU = Debug|Any CPU
		Release|Any CPU = Release|Any CPU
	EndGlobalSection
	GlobalSection(ProjectConfigurationPlatforms) = postSolution
		{E9A5708E-5685-4F09-9277-980B7551AE18}.Debug|Any CPU.ActiveCfg = Debug|Any CPU
		{E9A5708E-5685-4F09-9277-980B7551AE18}.Debug|Any CPU.Build.0 = Debug|Any CPU
		{E9A5708E-5685-4F09-9277-980B7551AE18}.Release|Any CPU.ActiveCfg = Release|Any CPU
		{E9A5708E-5685-4F09-9277-980B7551AE18}.Release|Any CPU.Build.0 = Release|Any CPU
		{F4CED914-0DA1-469E-8962-15492A512F7F}.Debug|Any CPU.ActiveCfg = Debug|Any CPU
		{F4CED914-0DA1-469E-8962-15492A512F7F}.Debug|Any CPU.Build.0 = Debug|Any CPU
		{F4CED914-0DA1-469E-8962-15492A512F7F}.Release|Any CPU.ActiveCfg = Release|Any CPU
		{F4CED914-0DA1-469E-8962-15492A512F7F}.Release|Any CPU.Build.0 = Release|Any CPU
	EndGlobalSection
	GlobalSection(SolutionProperties) = preSolution
		HideSolutionNode = FALSE
	EndGlobalSection
	GlobalSection(ExtensibilityGlobals) = postSolution
		SolutionGuid = {F3AE66A7-3231-458C-B5BC-7398568F8978}
	EndGlobalSection
EndGlobal
